
Microsoft Visual Studio Solution File, Format Version 12.00
# Visual Studio 15
VisualStudioVersion = 15.0.28010.2016
MinimumVisualStudioVersion = 10.0.40219.1
Project("{FAE04EC0-301F-11D3-BF4B-00C04F79EFBC}") = "Aurigma.DesignAtoms.Samples", "Aurigma.DesignAtoms.Samples\Aurigma.DesignAtoms.Samples.csproj", "{FDECE620-2C9F-4BC3-B767-184FC3794005}"
EndProject
Global
	GlobalSection(SolutionConfigurationPlatforms) = preSolution
		Debug|Any CPU = Debug|Any CPU
		Release|Any CPU = Release|Any CPU
	EndGlobalSection
	GlobalSection(ProjectConfigurationPlatforms) = postSolution
		{FDECE620-2C9F-4BC3-B767-184FC3794005}.Debug|Any CPU.ActiveCfg = Debug|Any CPU
		{FDECE620-2C9F-4BC3-B767-184FC3794005}.Debug|Any CPU.Build.0 = Debug|Any CPU
		{FDECE620-2C9F-4BC3-B767-184FC3794005}.Release|Any CPU.ActiveCfg = Release|Any CPU
		{FDECE620-2C9F-4BC3-B767-184FC3794005}.Release|Any CPU.Build.0 = Release|Any CPU
	EndGlobalSection
	GlobalSection(SolutionProperties) = preSolution
		HideSolutionNode = FALSE
	EndGlobalSection
	GlobalSection(ExtensibilityGlobals) = postSolution
		SolutionGuid = {98065840-7C34-490F-A2FB-DA93B6CBBB4E}
	EndGlobalSection
EndGlobal
